
Microsoft Visual Studio Solution File, Format Version 12.00
# Visual Studio Version 17
VisualStudioVersion = 17.7.34031.279
MinimumVisualStudioVersion = 10.0.40219.1
Project("{8BC9CEB8-8B4A-11D0-8D11-00A0C91BC942}") = "washing", "washing\washing.vcxproj", "{FEF28A25-A60D-4179-9DDB-96D0756E7F0F}"
EndProject
Global
	GlobalSection(SolutionConfigurationPlatforms) = preSolution
		Debug|x64 = Debug|x64
		Debug|x86 = Debug|x86
		Release|x64 = Release|x64
		Release|x86 = Release|x86
	EndGlobalSection
	GlobalSection(ProjectConfigurationPlatforms) = postSolution
		{FEF28A25-A60D-4179-9DDB-96D0756E7F0F}.Debug|x64.ActiveCfg = Debug|x64
		{FEF28A25-A60D-4179-9DDB-96D0756E7F0F}.Debug|x64.Build.0 = Debug|x64
		{FEF28A25-A60D-4179-9DDB-96D0756E7F0F}.Debug|x86.ActiveCfg = Debug|Win32
		{FEF28A25-A60D-4179-9DDB-96D0756E7F0F}.Debug|x86.Build.0 = Debug|Win32
		{FEF28A25-A60D-4179-9DDB-96D0756E7F0F}.Release|x64.ActiveCfg = Release|x64
		{FEF28A25-A60D-4179-9DDB-96D0756E7F0F}.Release|x64.Build.0 = Release|x64
		{FEF28A25-A60D-4179-9DDB-96D0756E7F0F}.Release|x86.ActiveCfg = Release|Win32
		{FEF28A25-A60D-4179-9DDB-96D0756E7F0F}.Release|x86.Build.0 = Release|Win32
	EndGlobalSection
	GlobalSection(SolutionProperties) = preSolution
		HideSolutionNode = FALSE
	EndGlobalSection
	GlobalSection(ExtensibilityGlobals) = postSolution
		SolutionGuid = {4C2F79EA-F88F-423B-AAEA-22909754F023}
	EndGlobalSection
EndGlobal
